
Microsoft Visual Studio Solution File, Format Version 12.00
Project("{FAE04EC0-301F-11D3-BF4B-00C04F79EFBC}") = "Proxy", "Proxy\Proxy.csproj", "{685E5042-DDCB-4FB6-A4B9-E62462C2ADC0}"
EndProject
Project("{FAE04EC0-301F-11D3-BF4B-00C04F79EFBC}") = "RoutingServer", "RoutingServer\RoutingServer.csproj", "{1DB1C71A-020C-4485-A84A-6DF4C0129AA3}"
EndProject
Project("{FAE04EC0-301F-11D3-BF4B-00C04F79EFBC}") = "LightClient", "LightClient\LightClient.csproj", "{179332AE-DFBE-449C-8330-49BD1CAB2924}"
EndProject
Global
	GlobalSection(SolutionConfigurationPlatforms) = preSolution
		Debug|Any CPU = Debug|Any CPU
		Release|Any CPU = Release|Any CPU
	EndGlobalSection
	GlobalSection(ProjectConfigurationPlatforms) = postSolution
		{685E5042-DDCB-4FB6-A4B9-E62462C2ADC0}.Debug|Any CPU.ActiveCfg = Debug|Any CPU
		{685E5042-DDCB-4FB6-A4B9-E62462C2ADC0}.Debug|Any CPU.Build.0 = Debug|Any CPU
		{685E5042-DDCB-4FB6-A4B9-E62462C2ADC0}.Release|Any CPU.ActiveCfg = Release|Any CPU
		{685E5042-DDCB-4FB6-A4B9-E62462C2ADC0}.Release|Any CPU.Build.0 = Release|Any CPU
		{1DB1C71A-020C-4485-A84A-6DF4C0129AA3}.Debug|Any CPU.ActiveCfg = Debug|Any CPU
		{1DB1C71A-020C-4485-A84A-6DF4C0129AA3}.Debug|Any CPU.Build.0 = Debug|Any CPU
		{1DB1C71A-020C-4485-A84A-6DF4C0129AA3}.Release|Any CPU.ActiveCfg = Release|Any CPU
		{1DB1C71A-020C-4485-A84A-6DF4C0129AA3}.Release|Any CPU.Build.0 = Release|Any CPU
		{179332AE-DFBE-449C-8330-49BD1CAB2924}.Debug|Any CPU.ActiveCfg = Debug|Any CPU
		{179332AE-DFBE-449C-8330-49BD1CAB2924}.Debug|Any CPU.Build.0 = Debug|Any CPU
		{179332AE-DFBE-449C-8330-49BD1CAB2924}.Release|Any CPU.ActiveCfg = Release|Any CPU
		{179332AE-DFBE-449C-8330-49BD1CAB2924}.Release|Any CPU.Build.0 = Release|Any CPU
	EndGlobalSection
EndGlobal
